
Microsoft Visual Studio Solution File, Format Version 12.00
# Visual Studio Version 17
VisualStudioVersion = 17.0.31612.314
MinimumVisualStudioVersion = 10.0.40219.1
Project("{FAE04EC0-301F-11D3-BF4B-00C04F79EFBC}") = "CountSumOfTwoRepresentations2_CodeSignal_Core_Test26", "CountSumOfTwoRepresentations2_CodeSignal_Core_Test26\CountSumOfTwoRepresentations2_CodeSignal_Core_Test26.csproj", "{62E243E9-6F0A-4F78-9B63-3128D6BD388B}"
EndProject
Global
	GlobalSection(SolutionConfigurationPlatforms) = preSolution
		Debug|Any CPU = Debug|Any CPU
		Release|Any CPU = Release|Any CPU
	EndGlobalSection
	GlobalSection(ProjectConfigurationPlatforms) = postSolution
		{62E243E9-6F0A-4F78-9B63-3128D6BD388B}.Debug|Any CPU.ActiveCfg = Debug|Any CPU
		{62E243E9-6F0A-4F78-9B63-3128D6BD388B}.Debug|Any CPU.Build.0 = Debug|Any CPU
		{62E243E9-6F0A-4F78-9B63-3128D6BD388B}.Release|Any CPU.ActiveCfg = Release|Any CPU
		{62E243E9-6F0A-4F78-9B63-3128D6BD388B}.Release|Any CPU.Build.0 = Release|Any CPU
	EndGlobalSection
	GlobalSection(SolutionProperties) = preSolution
		HideSolutionNode = FALSE
	EndGlobalSection
	GlobalSection(ExtensibilityGlobals) = postSolution
		SolutionGuid = {578F6363-AA17-472F-B591-E0297B4C10DE}
	EndGlobalSection
EndGlobal
